
Microsoft Visual Studio Solution File, Format Version 12.00
# Visual Studio 15
VisualStudioVersion = 15.0.27703.2026
MinimumVisualStudioVersion = 10.0.40219.1
Project("{FAE04EC0-301F-11D3-BF4B-00C04F79EFBC}") = "VengabusAPI", "VengabusAPI\VengabusAPI.csproj", "{CAFFEEF1-C7FB-4838-8A28-0EC787C6C81E}"
EndProject
Project("{FAE04EC0-301F-11D3-BF4B-00C04F79EFBC}") = "VengabusAPI.Tests", "VengabusAPI.Tests\VengabusAPI.Tests.csproj", "{C8B77DDD-0C77-422D-A678-D592E059D51F}"
EndProject
Global
	GlobalSection(SolutionConfigurationPlatforms) = preSolution
		Debug|Any CPU = Debug|Any CPU
		Release|Any CPU = Release|Any CPU
	EndGlobalSection
	GlobalSection(ProjectConfigurationPlatforms) = postSolution
		{CAFFEEF1-C7FB-4838-8A28-0EC787C6C81E}.Debug|Any CPU.ActiveCfg = Debug|Any CPU
		{CAFFEEF1-C7FB-4838-8A28-0EC787C6C81E}.Debug|Any CPU.Build.0 = Debug|Any CPU
		{CAFFEEF1-C7FB-4838-8A28-0EC787C6C81E}.Release|Any CPU.ActiveCfg = Release|Any CPU
		{CAFFEEF1-C7FB-4838-8A28-0EC787C6C81E}.Release|Any CPU.Build.0 = Release|Any CPU
		{C8B77DDD-0C77-422D-A678-D592E059D51F}.Debug|Any CPU.ActiveCfg = Debug|Any CPU
		{C8B77DDD-0C77-422D-A678-D592E059D51F}.Debug|Any CPU.Build.0 = Debug|Any CPU
		{C8B77DDD-0C77-422D-A678-D592E059D51F}.Release|Any CPU.ActiveCfg = Release|Any CPU
		{C8B77DDD-0C77-422D-A678-D592E059D51F}.Release|Any CPU.Build.0 = Release|Any CPU
	EndGlobalSection
	GlobalSection(SolutionProperties) = preSolution
		HideSolutionNode = FALSE
	EndGlobalSection
	GlobalSection(ExtensibilityGlobals) = postSolution
		SolutionGuid = {BD62BCFE-1DFE-40A1-989D-AA0C2345B3D8}
	EndGlobalSection
EndGlobal
